
Microsoft Visual Studio Solution File, Format Version 12.00
# Visual Studio Version 17
VisualStudioVersion = 17.8.34330.188
MinimumVisualStudioVersion = 10.0.40219.1
Project("{8BC9CEB8-8B4A-11D0-8D11-00A0C91BC942}") = "SpaceInvaderProject", "SpaceInvaderProject\SpaceInvaderProject.vcxproj", "{8094976E-288F-4C4D-8539-AB031F97A6BB}"
EndProject
Global
	GlobalSection(SolutionConfigurationPlatforms) = preSolution
		Debug|x64 = Debug|x64
		Debug|x86 = Debug|x86
		Release|x64 = Release|x64
		Release|x86 = Release|x86
	EndGlobalSection
	GlobalSection(ProjectConfigurationPlatforms) = postSolution
		{8094976E-288F-4C4D-8539-AB031F97A6BB}.Debug|x64.ActiveCfg = Debug|x64
		{8094976E-288F-4C4D-8539-AB031F97A6BB}.Debug|x64.Build.0 = Debug|x64
		{8094976E-288F-4C4D-8539-AB031F97A6BB}.Debug|x86.ActiveCfg = Debug|Win32
		{8094976E-288F-4C4D-8539-AB031F97A6BB}.Debug|x86.Build.0 = Debug|Win32
		{8094976E-288F-4C4D-8539-AB031F97A6BB}.Release|x64.ActiveCfg = Release|x64
		{8094976E-288F-4C4D-8539-AB031F97A6BB}.Release|x64.Build.0 = Release|x64
		{8094976E-288F-4C4D-8539-AB031F97A6BB}.Release|x86.ActiveCfg = Release|Win32
		{8094976E-288F-4C4D-8539-AB031F97A6BB}.Release|x86.Build.0 = Release|Win32
	EndGlobalSection
	GlobalSection(SolutionProperties) = preSolution
		HideSolutionNode = FALSE
	EndGlobalSection
	GlobalSection(ExtensibilityGlobals) = postSolution
		SolutionGuid = {04F63838-2A39-493A-9745-DEEF4E9EB631}
	EndGlobalSection
EndGlobal
